
Microsoft Visual Studio Solution File, Format Version 12.00
# Visual Studio 14
VisualStudioVersion = 14.0.24720.0
MinimumVisualStudioVersion = 10.0.40219.1
Project("{FAE04EC0-301F-11D3-BF4B-00C04F79EFBC}") = "KanbanAPI", "KanbanAPI\KanbanAPI.csproj", "{58A6C153-77E9-4B4A-8A90-F95BC5D54A12}"
EndProject
Project("{E24C65DC-7377-472B-9ABA-BC803B73C61A}") = "Kanban.Web", "..\Kanban.Web\", "{02FCF3B6-0030-45E1-B0CE-A059282923D2}"
	ProjectSection(WebsiteProperties) = preProject
		TargetFrameworkMoniker = ".NETFramework,Version%3Dv4.5.2"
		Debug.AspNetCompiler.VirtualPath = "/localhost_56800"
		Debug.AspNetCompiler.PhysicalPath = "..\Kanban.Web\"
		Debug.AspNetCompiler.TargetPath = "PrecompiledWeb\localhost_56800\"
		Debug.AspNetCompiler.Updateable = "true"
		Debug.AspNetCompiler.ForceOverwrite = "true"
		Debug.AspNetCompiler.FixedNames = "false"
		Debug.AspNetCompiler.Debug = "True"
		Release.AspNetCompiler.VirtualPath = "/localhost_56800"
		Release.AspNetCompiler.PhysicalPath = "..\Kanban.Web\"
		Release.AspNetCompiler.TargetPath = "PrecompiledWeb\localhost_56800\"
		Release.AspNetCompiler.Updateable = "true"
		Release.AspNetCompiler.ForceOverwrite = "true"
		Release.AspNetCompiler.FixedNames = "false"
		Release.AspNetCompiler.Debug = "False"
		VWDPort = "56800"
		DefaultWebSiteLanguage = "Visual C#"
	EndProjectSection
EndProject
Global
	GlobalSection(SolutionConfigurationPlatforms) = preSolution
		Debug|Any CPU = Debug|Any CPU
		Release|Any CPU = Release|Any CPU
	EndGlobalSection
	GlobalSection(ProjectConfigurationPlatforms) = postSolution
		{58A6C153-77E9-4B4A-8A90-F95BC5D54A12}.Debug|Any CPU.ActiveCfg = Debug|Any CPU
		{58A6C153-77E9-4B4A-8A90-F95BC5D54A12}.Debug|Any CPU.Build.0 = Debug|Any CPU
		{58A6C153-77E9-4B4A-8A90-F95BC5D54A12}.Release|Any CPU.ActiveCfg = Release|Any CPU
		{58A6C153-77E9-4B4A-8A90-F95BC5D54A12}.Release|Any CPU.Build.0 = Release|Any CPU
		{02FCF3B6-0030-45E1-B0CE-A059282923D2}.Debug|Any CPU.ActiveCfg = Debug|Any CPU
		{02FCF3B6-0030-45E1-B0CE-A059282923D2}.Debug|Any CPU.Build.0 = Debug|Any CPU
		{02FCF3B6-0030-45E1-B0CE-A059282923D2}.Release|Any CPU.ActiveCfg = Debug|Any CPU
		{02FCF3B6-0030-45E1-B0CE-A059282923D2}.Release|Any CPU.Build.0 = Debug|Any CPU
	EndGlobalSection
	GlobalSection(SolutionProperties) = preSolution
		HideSolutionNode = FALSE
	EndGlobalSection
EndGlobal
